
Microsoft Visual Studio Solution File, Format Version 12.00
# Visual Studio Version 16
VisualStudioVersion = 16.0.29920.165
MinimumVisualStudioVersion = 10.0.40219.1
Project("{FAE04EC0-301F-11D3-BF4B-00C04F79EFBC}") = "WebApplication", "WebApplication.csproj", "{2357780A-D588-44AA-BA6C-1AFC8A7D8D6B}"
EndProject
Global
	GlobalSection(SolutionConfigurationPlatforms) = preSolution
		Debug|Any CPU = Debug|Any CPU
		Release|Any CPU = Release|Any CPU
	EndGlobalSection
	GlobalSection(ProjectConfigurationPlatforms) = postSolution
		{2357780A-D588-44AA-BA6C-1AFC8A7D8D6B}.Debug|Any CPU.ActiveCfg = Debug|Any CPU
		{2357780A-D588-44AA-BA6C-1AFC8A7D8D6B}.Debug|Any CPU.Build.0 = Debug|Any CPU
		{2357780A-D588-44AA-BA6C-1AFC8A7D8D6B}.Release|Any CPU.ActiveCfg = Release|Any CPU
		{2357780A-D588-44AA-BA6C-1AFC8A7D8D6B}.Release|Any CPU.Build.0 = Release|Any CPU
	EndGlobalSection
	GlobalSection(SolutionProperties) = preSolution
		HideSolutionNode = FALSE
	EndGlobalSection
	GlobalSection(ExtensibilityGlobals) = postSolution
		SolutionGuid = {665D6078-0BD6-40F6-BE95-D3C1372CD22B}
	EndGlobalSection
EndGlobal
